
Microsoft Visual Studio Solution File, Format Version 12.00
# Visual Studio Version 16
VisualStudioVersion = 16.0.31911.196
MinimumVisualStudioVersion = 10.0.40219.1
Project("{FAE04EC0-301F-11D3-BF4B-00C04F79EFBC}") = "CoffeeMachineProject", "CoffeeMachine\CoffeeMachineProject.csproj", "{8797A443-8C92-423B-9AF4-CE6725DF5612}"
EndProject
Project("{FAE04EC0-301F-11D3-BF4B-00C04F79EFBC}") = "CoffeeMachineProject.UnitTests", "CoffeeMachineProject.UnitTests\CoffeeMachineProject.UnitTests.csproj", "{51638A0D-BD58-4EB6-81AB-19215DFF12D5}"
EndProject
Global
	GlobalSection(SolutionConfigurationPlatforms) = preSolution
		Debug|Any CPU = Debug|Any CPU
		Release|Any CPU = Release|Any CPU
	EndGlobalSection
	GlobalSection(ProjectConfigurationPlatforms) = postSolution
		{8797A443-8C92-423B-9AF4-CE6725DF5612}.Debug|Any CPU.ActiveCfg = Debug|Any CPU
		{8797A443-8C92-423B-9AF4-CE6725DF5612}.Debug|Any CPU.Build.0 = Debug|Any CPU
		{8797A443-8C92-423B-9AF4-CE6725DF5612}.Release|Any CPU.ActiveCfg = Release|Any CPU
		{8797A443-8C92-423B-9AF4-CE6725DF5612}.Release|Any CPU.Build.0 = Release|Any CPU
		{51638A0D-BD58-4EB6-81AB-19215DFF12D5}.Debug|Any CPU.ActiveCfg = Debug|Any CPU
		{51638A0D-BD58-4EB6-81AB-19215DFF12D5}.Debug|Any CPU.Build.0 = Debug|Any CPU
		{51638A0D-BD58-4EB6-81AB-19215DFF12D5}.Release|Any CPU.ActiveCfg = Release|Any CPU
		{51638A0D-BD58-4EB6-81AB-19215DFF12D5}.Release|Any CPU.Build.0 = Release|Any CPU
	EndGlobalSection
	GlobalSection(SolutionProperties) = preSolution
		HideSolutionNode = FALSE
	EndGlobalSection
	GlobalSection(ExtensibilityGlobals) = postSolution
		SolutionGuid = {4DC68457-57CF-43B7-BDDB-9730F01886FD}
	EndGlobalSection
EndGlobal
